
Microsoft Visual Studio Solution File, Format Version 12.00
# Visual Studio Version 17
VisualStudioVersion = 17.3.32825.248
MinimumVisualStudioVersion = 10.0.40219.1
Project("{FAE04EC0-301F-11D3-BF4B-00C04F79EFBC}") = "K1 practise", "K1 practise\K1 practise.csproj", "{EB35B5B2-3DD5-405D-B998-07AB32B24CDE}"
EndProject
Global
	GlobalSection(SolutionConfigurationPlatforms) = preSolution
		Debug|Any CPU = Debug|Any CPU
		Release|Any CPU = Release|Any CPU
	EndGlobalSection
	GlobalSection(ProjectConfigurationPlatforms) = postSolution
		{EB35B5B2-3DD5-405D-B998-07AB32B24CDE}.Debug|Any CPU.ActiveCfg = Debug|Any CPU
		{EB35B5B2-3DD5-405D-B998-07AB32B24CDE}.Debug|Any CPU.Build.0 = Debug|Any CPU
		{EB35B5B2-3DD5-405D-B998-07AB32B24CDE}.Release|Any CPU.ActiveCfg = Release|Any CPU
		{EB35B5B2-3DD5-405D-B998-07AB32B24CDE}.Release|Any CPU.Build.0 = Release|Any CPU
	EndGlobalSection
	GlobalSection(SolutionProperties) = preSolution
		HideSolutionNode = FALSE
	EndGlobalSection
	GlobalSection(ExtensibilityGlobals) = postSolution
		SolutionGuid = {D164E913-5154-48F4-A8C5-B1BEB6A6BB0E}
	EndGlobalSection
EndGlobal
